{
  "name": "hub-template",
  "requires": true,
  "lockfileVersion": 1,
  "dependencies": {
    "@material/animation": {
      "version": "0.39.0",
      "resolved": "https://registry.npmjs.org/@material/animation/-/animation-0.39.0.tgz",
      "integrity": "sha512-f3BGCba0GdYY+eGFnK0L08HLyljgEyBvMLoJoutP225IpvzsLLTqumL/796nFCsouWn6E3G+8BUVjAtzTjU2lA=="
    },
    "@material/base": {
      "version": "0.39.0",
      "resolved": "https://registry.npmjs.org/@material/base/-/base-0.39.0.tgz",
      "integrity": "sha512-B+vMqnOR2JU2dzv/5UPKQUAZAj739pMkJkt3Zy7sJaQnw3j8wTKxiUMUhd9ZHaPx1FBlUNMn2PwOq8YZIn0svA=="
    },
    "@material/button": {
      "version": "0.39.1",
      "resolved": "https://registry.npmjs.org/@material/button/-/button-0.39.1.tgz",
      "integrity": "sha512-Tc6bQkyxEii9nK+/dLlV4HGoAtQue6Fg/83j3fiNN4P8Zuc/8ypMvGNImGK67CK5m6g3/i3ZGrTWrU+QfZab1Q==",
      "requires": {
        "@material/elevation": "0.39.1",
        "@material/ripple": "0.39.1",
        "@material/rtl": "0.39.1",
        "@material/theme": "0.39.1",
        "@material/typography": "0.39.0"
      }
    },
    "@material/checkbox": {
      "version": "0.39.1",
      "resolved": "https://registry.npmjs.org/@material/checkbox/-/checkbox-0.39.1.tgz",
      "integrity": "sha512-ZH6tuHSTL/xhQTFqfdxz6cDr1Md2swlQ0A7yuiQXGDSFLsSRrmKgIqvvwLWYi+7KRuO9Qy5vRogF257FQ7WFrw==",
      "requires": {
        "@material/animation": "0.39.0",
        "@material/base": "0.39.0",
        "@material/ripple": "0.39.1",
        "@material/rtl": "0.39.1",
        "@material/selection-control": "0.39.1",
        "@material/theme": "0.39.1"
      }
    },
    "@material/elevation": {
      "version": "0.39.1",
      "resolved": "https://registry.npmjs.org/@material/elevation/-/elevation-0.39.1.tgz",
      "integrity": "sha512-ir0lqwpkXhJxUQ6KdCTsM2wZze3Oc54knUMbCUnitOWzIRBvlXUO0zlpld5pj3Mb6ApESA6BiaJb4JfEZmX2MA==",
      "requires": {
        "@material/animation": "0.39.0",
        "@material/theme": "0.39.1"
      }
    },
    "@material/floating-label": {
      "version": "0.39.1",
      "resolved": "https://registry.npmjs.org/@material/floating-label/-/floating-label-0.39.1.tgz",
      "integrity": "sha512-Ry833abXfBsjdNTRkjSfsSzhV4RQ0BilvpRnP+6uf10f5A8UVK3rTBMJv3TtF/7wwojJtbgf8wAJz0JhZW/7oQ==",
      "requires": {
        "@material/base": "0.39.0",
        "@material/rtl": "0.39.1",
        "@material/theme": "0.39.1",
        "@material/typography": "0.39.0"
      }
    },
    "@material/form-field": {
      "version": "0.39.1",
      "resolved": "https://registry.npmjs.org/@material/form-field/-/form-field-0.39.1.tgz",
      "integrity": "sha512-cdcOAnSv96LXZ+H5j3f6jFuFnb/l/LmNqTlVLEP8iCXrD0dWwW3bYzffuwhW4xCRaNICnmZ0gVnD2T0vEvAITA==",
      "requires": {
        "@material/base": "0.39.0",
        "@material/rtl": "0.39.1",
        "@material/selection-control": "0.39.1",
        "@material/theme": "0.39.1",
        "@material/typography": "0.39.0"
      }
    },
    "@material/layout-grid": {
      "version": "0.34.0",
      "resolved": "https://registry.npmjs.org/@material/layout-grid/-/layout-grid-0.34.0.tgz",
      "integrity": "sha512-LJ3LHCumfGftl1ihO0LW9JKsnR71nnlvpzhHdUlK6o1GPul+EEUUdOFN1zxI+Ik9iS++1na/Dg8f/1sdQUxj6w=="
    },
    "@material/line-ripple": {
      "version": "0.39.1",
      "resolved": "https://registry.npmjs.org/@material/line-ripple/-/line-ripple-0.39.1.tgz",
      "integrity": "sha512-y9sGWor4HC5H3hSC8a+WnrU3pSl0RirXgqrvpUYuOjbAmV7rq45vCUv668t9Oghwr94monIMdudQ87tFYPYa8w==",
      "requires": {
        "@material/animation": "0.39.0",
        "@material/base": "0.39.0",
        "@material/theme": "0.39.1"
      }
    },
    "@material/notched-outline": {
      "version": "0.39.1",
      "resolved": "https://registry.npmjs.org/@material/notched-outline/-/notched-outline-0.39.1.tgz",
      "integrity": "sha512-EONvwh31IMeTChz6eqg/rMndfWaRTd/tqjR0dXSaimu4NBDBnPnUq6A4vVhBuAFFIjHU48Jw6HplnfqqDRMN1g==",
      "requires": {
        "@material/animation": "0.39.0",
        "@material/base": "0.39.0",
        "@material/rtl": "0.39.1",
        "@material/theme": "0.39.1"
      }
    },
    "@material/ripple": {
      "version": "0.39.1",
      "resolved": "https://registry.npmjs.org/@material/ripple/-/ripple-0.39.1.tgz",
      "integrity": "sha512-iyL9XR6+7e0093/60rl9tA0P+KyZzzZsdQaN6nz4R08bpkCXgujrIZm1E2riksZDk0zsq3upWxStMsZ29vlVVQ==",
      "requires": {
        "@material/animation": "0.39.0",
        "@material/base": "0.39.0",
        "@material/theme": "0.39.1"
      }
    },
    "@material/rtl": {
      "version": "0.39.1",
      "resolved": "https://registry.npmjs.org/@material/rtl/-/rtl-0.39.1.tgz",
      "integrity": "sha512-6RcXv6tQladbl+SboEHUykiDAz7dE5DjBuLNV0KD7yEUCcUV41WXZ5e4oUd1nDWnK0vHzFtNM7D6BGMPZ2T3zA=="
    },
    "@material/selection-control": {
      "version": "0.39.1",
      "resolved": "https://registry.npmjs.org/@material/selection-control/-/selection-control-0.39.1.tgz",
      "integrity": "sha512-yC1ZWELC4jdbvSHE4+oDcgoHmSgLYdtMrvcCGfEaOfwMKdsehAlT2KfEfwARXA1gpBmnb4rjtkXgZq7XU9c4uQ==",
      "requires": {
        "@material/ripple": "0.39.1"
      }
    },
    "@material/textfield": {
      "version": "0.39.1",
      "resolved": "https://registry.npmjs.org/@material/textfield/-/textfield-0.39.1.tgz",
      "integrity": "sha512-O//LCl6LPm5mfBDF3wX1nnkPguLmT95EIo94HKV9pZw2RbO3J4Ns/vMJWxPDT9do2STJcP3xlpcYu09BLZPRrA==",
      "requires": {
        "@material/animation": "0.39.0",
        "@material/base": "0.39.0",
        "@material/floating-label": "0.39.1",
        "@material/line-ripple": "0.39.1",
        "@material/notched-outline": "0.39.1",
        "@material/ripple": "0.39.1",
        "@material/rtl": "0.39.1",
        "@material/theme": "0.39.1",
        "@material/typography": "0.39.0"
      }
    },
    "@material/theme": {
      "version": "0.39.1",
      "resolved": "https://registry.npmjs.org/@material/theme/-/theme-0.39.1.tgz",
      "integrity": "sha512-c7xjzzHdF4kBl66VJfATBAV9cwD/6TOyVPOWiK5rPxmu9g7uEAe1HmupqJRR1pMFCPX2w85gfvIsxh79EU6YJA=="
    },
    "@material/top-app-bar": {
      "version": "0.39.1",
      "resolved": "https://registry.npmjs.org/@material/top-app-bar/-/top-app-bar-0.39.1.tgz",
      "integrity": "sha512-LYVa8jAvKpF3R63BA9XYu+3LQ1jjvSiddjsZ8stz6oXdTqc18/wXREdpWCn2n1UIKjp++w90HJCWnmJX7jfCqQ==",
      "requires": {
        "@material/animation": "0.39.0",
        "@material/base": "0.39.0",
        "@material/elevation": "0.39.1",
        "@material/ripple": "0.39.1",
        "@material/rtl": "0.39.1",
        "@material/theme": "0.39.1",
        "@material/typography": "0.39.0"
      }
    },
    "@material/typography": {
      "version": "0.39.0",
      "resolved": "https://registry.npmjs.org/@material/typography/-/typography-0.39.0.tgz",
      "integrity": "sha512-S7YTR2mXuAaPvsgX6jyT1YvWQhH2xHWi+SKJvlunoF/Dw6vq6Ud+APmqigHVRPNCcFt4zkbM7C64IxYjjkIApQ=="
    },
    "big.js": {
      "version": "3.2.0",
      "resolved": "https://registry.npmjs.org/big.js/-/big.js-3.2.0.tgz",
      "integrity": "sha512-+hN/Zh2D08Mx65pZ/4g5bsmNiZUuChDiQfTUQ7qJr4/kuopCr88xZsAXv6mBoZEsUI4OuGHlX59qE94K2mMW8Q==",
      "dev": true
    },
    "clone-deep": {
      "version": "2.0.2",
      "resolved": "https://registry.npmjs.org/clone-deep/-/clone-deep-2.0.2.tgz",
      "integrity": "sha512-SZegPTKjCgpQH63E+eN6mVEEPdQBOUzjyJm5Pora4lrwWRFS8I0QAxV/KD6vV/i0WuijHZWQC1fMsPEdxfdVCQ==",
      "dev": true,
      "requires": {
        "for-own": "1.0.0",
        "is-plain-object": "2.0.4",
        "kind-of": "6.0.2",
        "shallow-clone": "1.0.0"
      }
    },
    "emojis-list": {
      "version": "2.1.0",
      "resolved": "https://registry.npmjs.org/emojis-list/-/emojis-list-2.1.0.tgz",
      "integrity": "sha1-TapNnbAPmBmIDHn6RXrlsJof04k=",
      "dev": true
    },
    "for-in": {
      "version": "1.0.2",
      "resolved": "https://registry.npmjs.org/for-in/-/for-in-1.0.2.tgz",
      "integrity": "sha1-gQaNKVqBQuwKxybG4iAMMPttXoA=",
      "dev": true
    },
    "for-own": {
      "version": "1.0.0",
      "resolved": "https://registry.npmjs.org/for-own/-/for-own-1.0.0.tgz",
      "integrity": "sha1-xjMy9BXO3EsE2/5wz4NklMU8tEs=",
      "dev": true,
      "requires": {
        "for-in": "1.0.2"
      }
    },
    "is-extendable": {
      "version": "0.1.1",
      "resolved": "https://registry.npmjs.org/is-extendable/-/is-extendable-0.1.1.tgz",
      "integrity": "sha1-YrEQ4omkcUGOPsNqYX1HLjAd/Ik=",
      "dev": true
    },
    "is-plain-object": {
      "version": "2.0.4",
      "resolved": "https://registry.npmjs.org/is-plain-object/-/is-plain-object-2.0.4.tgz",
      "integrity": "sha512-h5PpgXkWitc38BBMYawTYMWJHFZJVnBquFE57xFpjB8pJFiF6gZ+bU+WyI/yqXiFR5mdLsgYNaPe8uao6Uv9Og==",
      "dev": true,
      "requires": {
        "isobject": "3.0.1"
      }
    },
    "isobject": {
      "version": "3.0.1",
      "resolved": "https://registry.npmjs.org/isobject/-/isobject-3.0.1.tgz",
      "integrity": "sha1-TkMekrEalzFjaqH5yNHMvP2reN8=",
      "dev": true
    },
    "json5": {
      "version": "0.5.1",
      "resolved": "https://registry.npmjs.org/json5/-/json5-0.5.1.tgz",
      "integrity": "sha1-Hq3nrMASA0rYTiOWdn6tn6VJWCE=",
      "dev": true
    },
    "kind-of": {
      "version": "6.0.2",
      "resolved": "https://registry.npmjs.org/kind-of/-/kind-of-6.0.2.tgz",
      "integrity": "sha512-s5kLOcnH0XqDO+FvuaLX8DDjZ18CGFk7VygH40QoKPUQhW4e2rvM0rwUq0t8IQDOwYSeLK01U90OjzBTme2QqA==",
      "dev": true
    },
    "loader-utils": {
      "version": "1.1.0",
      "resolved": "https://registry.npmjs.org/loader-utils/-/loader-utils-1.1.0.tgz",
      "integrity": "sha1-yYrvSIvM7aL/teLeZG1qdUQp9c0=",
      "dev": true,
      "requires": {
        "big.js": "3.2.0",
        "emojis-list": "2.1.0",
        "json5": "0.5.1"
      }
    },
    "lodash.tail": {
      "version": "4.1.1",
      "resolved": "https://registry.npmjs.org/lodash.tail/-/lodash.tail-4.1.1.tgz",
      "integrity": "sha1-0jM6NtnncXyK0vfKyv7HwytERmQ=",
      "dev": true
    },
    "mixin-object": {
      "version": "2.0.1",
      "resolved": "https://registry.npmjs.org/mixin-object/-/mixin-object-2.0.1.tgz",
      "integrity": "sha1-T7lJRB2rGCVA8f4DW6YOGUel5X4=",
      "dev": true,
      "requires": {
        "for-in": "0.1.8",
        "is-extendable": "0.1.1"
      },
      "dependencies": {
        "for-in": {
          "version": "0.1.8",
          "resolved": "https://registry.npmjs.org/for-in/-/for-in-0.1.8.tgz",
          "integrity": "sha1-2Hc5COMSVhCZUrH9ubP6hn0ndeE=",
          "dev": true
        }
      }
    },
    "neo-async": {
      "version": "2.5.2",
      "resolved": "https://registry.npmjs.org/neo-async/-/neo-async-2.5.2.tgz",
      "integrity": "sha512-vdqTKI9GBIYcAEbFAcpKPErKINfPF5zIuz3/niBfq8WUZjpT2tytLlFVrBgWdOtqI4uaA/Rb6No0hux39XXDuw==",
      "dev": true
    },
    "pify": {
      "version": "3.0.0",
      "resolved": "https://registry.npmjs.org/pify/-/pify-3.0.0.tgz",
      "integrity": "sha1-5aSs0sEB/fPZpNB/DbxNtJ3SgXY=",
      "dev": true
    },
    "sass-loader": {
      "version": "7.1.0",
      "resolved": "https://registry.npmjs.org/sass-loader/-/sass-loader-7.1.0.tgz",
      "integrity": "sha512-+G+BKGglmZM2GUSfT9TLuEp6tzehHPjAMoRRItOojWIqIGPloVCMhNIQuG639eJ+y033PaGTSjLaTHts8Kw79w==",
      "dev": true,
      "requires": {
        "clone-deep": "2.0.2",
        "loader-utils": "1.1.0",
        "lodash.tail": "4.1.1",
        "neo-async": "2.5.2",
        "pify": "3.0.0",
        "semver": "5.5.1"
      }
    },
    "semver": {
      "version": "5.5.1",
      "resolved": "https://registry.npmjs.org/semver/-/semver-5.5.1.tgz",
      "integrity": "sha512-PqpAxfrEhlSUWge8dwIp4tZnQ25DIOthpiaHNIthsjEFQD6EvqUKUDM7L8O2rShkFccYo1VjJR0coWfNkCubRw==",
      "dev": true
    },
    "shallow-clone": {
      "version": "1.0.0",
      "resolved": "https://registry.npmjs.org/shallow-clone/-/shallow-clone-1.0.0.tgz",
      "integrity": "sha512-oeXreoKR/SyNJtRJMAKPDSvd28OqEwG4eR/xc856cRGBII7gX9lvAqDxusPm0846z/w/hWYjI1NpKwJ00NHzRA==",
      "dev": true,
      "requires": {
        "is-extendable": "0.1.1",
        "kind-of": "5.1.0",
        "mixin-object": "2.0.1"
      },
      "dependencies": {
        "kind-of": {
          "version": "5.1.0",
          "resolved": "https://registry.npmjs.org/kind-of/-/kind-of-5.1.0.tgz",
          "integrity": "sha512-NGEErnH6F2vUuXDh+OlbcKW7/wOcfdRHaZ7VWtqCztfHri/++YKmP51OdWeGPuqCOba6kk2OTe5d02VmTB80Pw==",
          "dev": true
        }
      }
    }
  }
}
